// !$*UTF8*$!
{
	archiveVersion = 1;
	classes = {
	};
	objectVersion = 46;
	objects = {

/* Begin PBXBuildFile section */
		BE03B1B3166C74C300124A29 /* UIKit.framework in Frameworks */ = {isa = PBXBuildFile; fileRef = BE03B1B2166C74C300124A29 /* UIKit.framework */; };
		BE03B1B5166C74C300124A29 /* Foundation.framework in Frameworks */ = {isa = PBXBuildFile; fileRef = BE03B1B4166C74C300124A29 /* Foundation.framework */; };
		BE03B1B7166C74C300124A29 /* CoreGraphics.framework in Frameworks */ = {isa = PBXBuildFile; fileRef = BE03B1B6166C74C300124A29 /* CoreGraphics.framework */; };
		BE03B1BD166C74C300124A29 /* InfoPlist.strings in Resources */ = {isa = PBXBuildFile; fileRef = BE03B1BB166C74C300124A29 /* InfoPlist.strings */; };
		BE03B1BF166C74C300124A29 /* main.m in Sources */ = {isa = PBXBuildFile; fileRef = BE03B1BE166C74C300124A29 /* main.m */; };
		BE03B1C3166C74C400124A29 /* AppDelegate.m in Sources */ = {isa = PBXBuildFile; fileRef = BE03B1C2166C74C400124A29 /* AppDelegate.m */; };
		BE03B1C5166C74C400124A29 /* Default.png in Resources */ = {isa = PBXBuildFile; fileRef = BE03B1C4166C74C400124A29 /* Default.png */; };
		BE03B1C7166C74C400124A29 /* Default@2x.png in Resources */ = {isa = PBXBuildFile; fileRef = BE03B1C6166C74C400124A29 /* Default@2x.png */; };
		BE03B1C9166C74C400124A29 /* Default-568h@2x.png in Resources */ = {isa = PBXBuildFile; fileRef = BE03B1C8166C74C400124A29 /* Default-568h@2x.png */; };
		BE03B1CC166C74C400124A29 /* MainStoryboard.storyboard in Resources */ = {isa = PBXBuildFile; fileRef = BE03B1CA166C74C400124A29 /* MainStoryboard.storyboard */; };
		BE03B1CF166C74C400124A29 /* CurrentLocationViewController.m in Sources */ = {isa = PBXBuildFile; fileRef = BE03B1CE166C74C400124A29 /* CurrentLocationViewController.m */; };
		BE03B1D1166C74C400124A29 /* first.png in Resources */ = {isa = PBXBuildFile; fileRef = BE03B1D0166C74C400124A29 /* first.png */; };
		BE03B1D3166C74C400124A29 /* first@2x.png in Resources */ = {isa = PBXBuildFile; fileRef = BE03B1D2166C74C400124A29 /* first@2x.png */; };
		BE03B1D6166C74C400124A29 /* SecondViewController.m in Sources */ = {isa = PBXBuildFile; fileRef = BE03B1D5166C74C400124A29 /* SecondViewController.m */; };
		BE03B1D8166C74C400124A29 /* second.png in Resources */ = {isa = PBXBuildFile; fileRef = BE03B1D7166C74C400124A29 /* second.png */; };
		BE03B1DA166C74C400124A29 /* second@2x.png in Resources */ = {isa = PBXBuildFile; fileRef = BE03B1D9166C74C400124A29 /* second@2x.png */; };
		BE03B1E1166C838F00124A29 /* CoreLocation.framework in Frameworks */ = {isa = PBXBuildFile; fileRef = BE03B1E0166C838F00124A29 /* CoreLocation.framework */; };
		BE03B1E8166CBF0700124A29 /* LocationDetailsViewController.m in Sources */ = {isa = PBXBuildFile; fileRef = BE03B1E7166CBF0700124A29 /* LocationDetailsViewController.m */; };
		BE03B1EF166CD71900124A29 /* CategoryPickerViewController.m in Sources */ = {isa = PBXBuildFile; fileRef = BE03B1EE166CD71900124A29 /* CategoryPickerViewController.m */; };
		BE03B1F2166CE1BA00124A29 /* HudView.m in Sources */ = {isa = PBXBuildFile; fileRef = BE03B1F1166CE1BA00124A29 /* HudView.m */; };
		BE03B226166CE37B00124A29 /* Checkmark.png in Resources */ = {isa = PBXBuildFile; fileRef = BE03B1F5166CE37B00124A29 /* Checkmark.png */; };
		BE03B227166CE37B00124A29 /* Checkmark@2x.png in Resources */ = {isa = PBXBuildFile; fileRef = BE03B1F6166CE37B00124A29 /* Checkmark@2x.png */; };
		BE03B228166CE37B00124A29 /* Icon-72.png in Resources */ = {isa = PBXBuildFile; fileRef = BE03B1F8166CE37B00124A29 /* Icon-72.png */; };
		BE03B229166CE37B00124A29 /* Icon-72@2x.png in Resources */ = {isa = PBXBuildFile; fileRef = BE03B1F9166CE37B00124A29 /* Icon-72@2x.png */; };
		BE03B22A166CE37B00124A29 /* Icon-Small-50.png in Resources */ = {isa = PBXBuildFile; fileRef = BE03B1FA166CE37B00124A29 /* Icon-Small-50.png */; };
		BE03B22B166CE37B00124A29 /* Icon-Small-50@2x.png in Resources */ = {isa = PBXBuildFile; fileRef = BE03B1FB166CE37B00124A29 /* Icon-Small-50@2x.png */; };
		BE03B22C166CE37B00124A29 /* Icon-Small.png in Resources */ = {isa = PBXBuildFile; fileRef = BE03B1FC166CE37B00124A29 /* Icon-Small.png */; };
		BE03B22D166CE37B00124A29 /* Icon-Small@2x.png in Resources */ = {isa = PBXBuildFile; fileRef = BE03B1FD166CE37B00124A29 /* Icon-Small@2x.png */; };
		BE03B22E166CE37B00124A29 /* Icon.png in Resources */ = {isa = PBXBuildFile; fileRef = BE03B1FE166CE37B00124A29 /* Icon.png */; };
		BE03B22F166CE37B00124A29 /* Icon@2x.png in Resources */ = {isa = PBXBuildFile; fileRef = BE03B1FF166CE37B00124A29 /* Icon@2x.png */; };
		BE03B230166CE37B00124A29 /* iTunesArtwork in Resources */ = {isa = PBXBuildFile; fileRef = BE03B200166CE37B00124A29 /* iTunesArtwork */; };
		BE03B231166CE37B00124A29 /* Background.png in Resources */ = {isa = PBXBuildFile; fileRef = BE03B202166CE37B00124A29 /* Background.png */; };
		BE03B232166CE37B00124A29 /* Background@2x.png in Resources */ = {isa = PBXBuildFile; fileRef = BE03B203166CE37B00124A29 /* Background@2x.png */; };
		BE03B233166CE37B00124A29 /* BlueButton.png in Resources */ = {isa = PBXBuildFile; fileRef = BE03B204166CE37B00124A29 /* BlueButton.png */; };
		BE03B234166CE37B00124A29 /* BlueButton@2x.png in Resources */ = {isa = PBXBuildFile; fileRef = BE03B205166CE37B00124A29 /* BlueButton@2x.png */; };
		BE03B235166CE37B00124A29 /* BlueButtonPressed.png in Resources */ = {isa = PBXBuildFile; fileRef = BE03B206166CE37B00124A29 /* BlueButtonPressed.png */; };
		BE03B236166CE37B00124A29 /* BlueButtonPressed@2x.png in Resources */ = {isa = PBXBuildFile; fileRef = BE03B207166CE37B00124A29 /* BlueButtonPressed@2x.png */; };
		BE03B237166CE37B00124A29 /* Locations.png in Resources */ = {isa = PBXBuildFile; fileRef = BE03B208166CE37B00124A29 /* Locations.png */; };
		BE03B238166CE37B00124A29 /* Locations@2x.png in Resources */ = {isa = PBXBuildFile; fileRef = BE03B209166CE37B00124A29 /* Locations@2x.png */; };
		BE03B239166CE37B00124A29 /* Logo.png in Resources */ = {isa = PBXBuildFile; fileRef = BE03B20A166CE37B00124A29 /* Logo.png */; };
		BE03B23A166CE37B00124A29 /* Logo@2x.png in Resources */ = {isa = PBXBuildFile; fileRef = BE03B20B166CE37B00124A29 /* Logo@2x.png */; };
		BE03B23B166CE37B00124A29 /* Map.png in Resources */ = {isa = PBXBuildFile; fileRef = BE03B20C166CE37B00124A29 /* Map.png */; };
		BE03B23C166CE37B00124A29 /* Map@2x.png in Resources */ = {isa = PBXBuildFile; fileRef = BE03B20D166CE37B00124A29 /* Map@2x.png */; };
		BE03B23D166CE37B00124A29 /* Panel.png in Resources */ = {isa = PBXBuildFile; fileRef = BE03B20E166CE37B00124A29 /* Panel.png */; };
		BE03B23E166CE37B00124A29 /* Panel@2x.png in Resources */ = {isa = PBXBuildFile; fileRef = BE03B20F166CE37B00124A29 /* Panel@2x.png */; };
		BE03B23F166CE37B00124A29 /* Pin.png in Resources */ = {isa = PBXBuildFile; fileRef = BE03B210166CE37B00124A29 /* Pin.png */; };
		BE03B240166CE37B00124A29 /* Pin@2x.png in Resources */ = {isa = PBXBuildFile; fileRef = BE03B211166CE37B00124A29 /* Pin@2x.png */; };
		BE03B241166CE37B00124A29 /* Tag.png in Resources */ = {isa = PBXBuildFile; fileRef = BE03B212166CE37B00124A29 /* Tag.png */; };
		BE03B242166CE37B00124A29 /* Tag@2x.png in Resources */ = {isa = PBXBuildFile; fileRef = BE03B213166CE37B00124A29 /* Tag@2x.png */; };
		BE03B243166CE37B00124A29 /* User.png in Resources */ = {isa = PBXBuildFile; fileRef = BE03B214166CE37B00124A29 /* User.png */; };
		BE03B244166CE37B00124A29 /* User@2x.png in Resources */ = {isa = PBXBuildFile; fileRef = BE03B215166CE37B00124A29 /* User@2x.png */; };
		BE03B245166CE37B00124A29 /* YellowButton.png in Resources */ = {isa = PBXBuildFile; fileRef = BE03B216166CE37B00124A29 /* YellowButton.png */; };
		BE03B246166CE37B00124A29 /* YellowButton@2x.png in Resources */ = {isa = PBXBuildFile; fileRef = BE03B217166CE37B00124A29 /* YellowButton@2x.png */; };
		BE03B247166CE37B00124A29 /* YellowButtonPressed.png in Resources */ = {isa = PBXBuildFile; fileRef = BE03B218166CE37B00124A29 /* YellowButtonPressed.png */; };
		BE03B248166CE37B00124A29 /* YellowButtonPressed@2x.png in Resources */ = {isa = PBXBuildFile; fileRef = BE03B219166CE37B00124A29 /* YellowButtonPressed@2x.png */; };
		BE03B249166CE37B00124A29 /* Default.png in Resources */ = {isa = PBXBuildFile; fileRef = BE03B21B166CE37B00124A29 /* Default.png */; };
		BE03B24A166CE37B00124A29 /* Default@2x.png in Resources */ = {isa = PBXBuildFile; fileRef = BE03B21C166CE37B00124A29 /* Default@2x.png */; };
		BE03B24B166CE37B00124A29 /* Buttons.psd in Resources */ = {isa = PBXBuildFile; fileRef = BE03B21E166CE37B00124A29 /* Buttons.psd */; };
		BE03B24C166CE37B00124A29 /* Crosshair.psd in Resources */ = {isa = PBXBuildFile; fileRef = BE03B21F166CE37B00124A29 /* Crosshair.psd */; };
		BE03B24D166CE37B00124A29 /* Globe.psd in Resources */ = {isa = PBXBuildFile; fileRef = BE03B220166CE37B00124A29 /* Globe.psd */; };
		BE03B24E166CE37B00124A29 /* Icon.psd in Resources */ = {isa = PBXBuildFile; fileRef = BE03B221166CE37B00124A29 /* Icon.psd */; };
		BE03B24F166CE37B00124A29 /* List.psd in Resources */ = {isa = PBXBuildFile; fileRef = BE03B222166CE37B00124A29 /* List.psd */; };
		BE03B250166CE37B00124A29 /* Pin.psd in Resources */ = {isa = PBXBuildFile; fileRef = BE03B223166CE37B00124A29 /* Pin.psd */; };
		BE03B251166CE37B00124A29 /* Sound.caf in Resources */ = {isa = PBXBuildFile; fileRef = BE03B225166CE37B00124A29 /* Sound.caf */; };
		BE12ED8F166DD7460054852A /* CoreData.framework in Frameworks */ = {isa = PBXBuildFile; fileRef = BE12ED8E166DD7460054852A /* CoreData.framework */; };
		BE12ED9A166DD7DE0054852A /* DataModel.xcdatamodeld in Sources */ = {isa = PBXBuildFile; fileRef = BE12ED98166DD7DE0054852A /* DataModel.xcdatamodeld */; };
		BE12ED9D166DDA350054852A /* Location.m in Sources */ = {isa = PBXBuildFile; fileRef = BE12ED9C166DDA350054852A /* Location.m */; };
		BE12EDA0166E23D90054852A /* LocationsViewController.m in Sources */ = {isa = PBXBuildFile; fileRef = BE12ED9F166E23D90054852A /* LocationsViewController.m */; };
		BE12EDB3166E29BA0054852A /* LocationCell.m in Sources */ = {isa = PBXBuildFile; fileRef = BE12EDB2166E29BA0054852A /* LocationCell.m */; };
		BE2017BF166F2112002FF32A /* MapKit.framework in Frameworks */ = {isa = PBXBuildFile; fileRef = BE2017BE166F2112002FF32A /* MapKit.framework */; };
		BE2017C3166F21D5002FF32A /* MapViewController.m in Sources */ = {isa = PBXBuildFile; fileRef = BE2017C2166F21D5002FF32A /* MapViewController.m */; };
		BE2017E2166F8099002FF32A /* UIImage+Resize.m in Sources */ = {isa = PBXBuildFile; fileRef = BE2017E1166F8099002FF32A /* UIImage+Resize.m */; };
/* End PBXBuildFile section */

/* Begin PBXFileReference section */
		BE03B1AE166C74C300124A29 /* Locations.app */ = {isa = PBXFileReference; explicitFileType = wrapper.application; includeInIndex = 0; path = Locations.app; sourceTree = BUILT_PRODUCTS_DIR; };
		BE03B1B2166C74C300124A29 /* UIKit.framework */ = {isa = PBXFileReference; lastKnownFileType = wrapper.framework; name = UIKit.framework; path = System/Library/Frameworks/UIKit.framework; sourceTree = SDKROOT; };
		BE03B1B4166C74C300124A29 /* Foundation.framework */ = {isa = PBXFileReference; lastKnownFileType = wrapper.framework; name = Foundation.framework; path = System/Library/Frameworks/Foundation.framework; sourceTree = SDKROOT; };
		BE03B1B6166C74C300124A29 /* CoreGraphics.framework */ = {isa = PBXFileReference; lastKnownFileType = wrapper.framework; name = CoreGraphics.framework; path = System/Library/Frameworks/CoreGraphics.framework; sourceTree = SDKROOT; };
		BE03B1BA166C74C300124A29 /* Locations-Info.plist */ = {isa = PBXFileReference; lastKnownFileType = text.plist.xml; path = "Locations-Info.plist"; sourceTree = "<group>"; };
		BE03B1BC166C74C300124A29 /* en */ = {isa = PBXFileReference; lastKnownFileType = text.plist.strings; name = en; path = en.lproj/InfoPlist.strings; sourceTree = "<group>"; };
		BE03B1BE166C74C300124A29 /* main.m */ = {isa = PBXFileReference; lastKnownFileType = sourcecode.c.objc; path = main.m; sourceTree = "<group>"; };
		BE03B1C0166C74C400124A29 /* Locations-Prefix.pch */ = {isa = PBXFileReference; lastKnownFileType = sourcecode.c.h; path = "Locations-Prefix.pch"; sourceTree = "<group>"; };
		BE03B1C1166C74C400124A29 /* AppDelegate.h */ = {isa = PBXFileReference; lastKnownFileType = sourcecode.c.h; path = AppDelegate.h; sourceTree = "<group>"; };
		BE03B1C2166C74C400124A29 /* AppDelegate.m */ = {isa = PBXFileReference; lastKnownFileType = sourcecode.c.objc; path = AppDelegate.m; sourceTree = "<group>"; };
		BE03B1C4166C74C400124A29 /* Default.png */ = {isa = PBXFileReference; lastKnownFileType = image.png; path = Default.png; sourceTree = "<group>"; };
		BE03B1C6166C74C400124A29 /* Default@2x.png */ = {isa = PBXFileReference; lastKnownFileType = image.png; path = "Default@2x.png"; sourceTree = "<group>"; };
		BE03B1C8166C74C400124A29 /* Default-568h@2x.png */ = {isa = PBXFileReference; lastKnownFileType = image.png; path = "Default-568h@2x.png"; sourceTree = "<group>"; };
		BE03B1CB166C74C400124A29 /* en */ = {isa = PBXFileReference; lastKnownFileType = file.storyboard; name = en; path = en.lproj/MainStoryboard.storyboard; sourceTree = "<group>"; };
		BE03B1CD166C74C400124A29 /* CurrentLocationViewController.h */ = {isa = PBXFileReference; lastKnownFileType = sourcecode.c.h; path = CurrentLocationViewController.h; sourceTree = "<group>"; };
		BE03B1CE166C74C400124A29 /* CurrentLocationViewController.m */ = {isa = PBXFileReference; lastKnownFileType = sourcecode.c.objc; path = CurrentLocationViewController.m; sourceTree = "<group>"; };
		BE03B1D0166C74C400124A29 /* first.png */ = {isa = PBXFileReference; lastKnownFileType = image.png; path = first.png; sourceTree = "<group>"; };
		BE03B1D2166C74C400124A29 /* first@2x.png */ = {isa = PBXFileReference; lastKnownFileType = image.png; path = "first@2x.png"; sourceTree = "<group>"; };
		BE03B1D4166C74C400124A29 /* SecondViewController.h */ = {isa = PBXFileReference; lastKnownFileType = sourcecode.c.h; path = SecondViewController.h; sourceTree = "<group>"; };
		BE03B1D5166C74C400124A29 /* SecondViewController.m */ = {isa = PBXFileReference; lastKnownFileType = sourcecode.c.objc; path = SecondViewController.m; sourceTree = "<group>"; };
		BE03B1D7166C74C400124A29 /* second.png */ = {isa = PBXFileReference; lastKnownFileType = image.png; path = second.png; sourceTree = "<group>"; };
		BE03B1D9166C74C400124A29 /* second@2x.png */ = {isa = PBXFileReference; lastKnownFileType = image.png; path = "second@2x.png"; sourceTree = "<group>"; };
		BE03B1E0166C838F00124A29 /* CoreLocation.framework */ = {isa = PBXFileReference; lastKnownFileType = wrapper.framework; name = CoreLocation.framework; path = System/Library/Frameworks/CoreLocation.framework; sourceTree = SDKROOT; };
		BE03B1E6166CBF0700124A29 /* LocationDetailsViewController.h */ = {isa = PBXFileReference; fileEncoding = 4; lastKnownFileType = sourcecode.c.h; path = LocationDetailsViewController.h; sourceTree = "<group>"; };
		BE03B1E7166CBF0700124A29 /* LocationDetailsViewController.m */ = {isa = PBXFileReference; fileEncoding = 4; lastKnownFileType = sourcecode.c.objc; path = LocationDetailsViewController.m; sourceTree = "<group>"; };
		BE03B1ED166CD71900124A29 /* CategoryPickerViewController.h */ = {isa = PBXFileReference; fileEncoding = 4; lastKnownFileType = sourcecode.c.h; path = CategoryPickerViewController.h; sourceTree = "<group>"; };
		BE03B1EE166CD71900124A29 /* CategoryPickerViewController.m */ = {isa = PBXFileReference; fileEncoding = 4; lastKnownFileType = sourcecode.c.objc; path = CategoryPickerViewController.m; sourceTree = "<group>"; };
		BE03B1F0166CE1BA00124A29 /* HudView.h */ = {isa = PBXFileReference; fileEncoding = 4; lastKnownFileType = sourcecode.c.h; path = HudView.h; sourceTree = "<group>"; };
		BE03B1F1166CE1BA00124A29 /* HudView.m */ = {isa = PBXFileReference; fileEncoding = 4; lastKnownFileType = sourcecode.c.objc; path = HudView.m; sourceTree = "<group>"; };
		BE03B1F5166CE37B00124A29 /* Checkmark.png */ = {isa = PBXFileReference; lastKnownFileType = image.png; path = Checkmark.png; sourceTree = "<group>"; };
		BE03B1F6166CE37B00124A29 /* Checkmark@2x.png */ = {isa = PBXFileReference; lastKnownFileType = image.png; path = "Checkmark@2x.png"; sourceTree = "<group>"; };
		BE03B1F8166CE37B00124A29 /* Icon-72.png */ = {isa = PBXFileReference; lastKnownFileType = image.png; path = "Icon-72.png"; sourceTree = "<group>"; };
		BE03B1F9166CE37B00124A29 /* Icon-72@2x.png */ = {isa = PBXFileReference; lastKnownFileType = image.png; path = "Icon-72@2x.png"; sourceTree = "<group>"; };
		BE03B1FA166CE37B00124A29 /* Icon-Small-50.png */ = {isa = PBXFileReference; lastKnownFileType = image.png; path = "Icon-Small-50.png"; sourceTree = "<group>"; };
		BE03B1FB166CE37B00124A29 /* Icon-Small-50@2x.png */ = {isa = PBXFileReference; lastKnownFileType = image.png; path = "Icon-Small-50@2x.png"; sourceTree = "<group>"; };
		BE03B1FC166CE37B00124A29 /* Icon-Small.png */ = {isa = PBXFileReference; lastKnownFileType = image.png; path = "Icon-Small.png"; sourceTree = "<group>"; };
		BE03B1FD166CE37B00124A29 /* Icon-Small@2x.png */ = {isa = PBXFileReference; lastKnownFileType = image.png; path = "Icon-Small@2x.png"; sourceTree = "<group>"; };
		BE03B1FE166CE37B00124A29 /* Icon.png */ = {isa = PBXFileReference; lastKnownFileType = image.png; path = Icon.png; sourceTree = "<group>"; };
		BE03B1FF166CE37B00124A29 /* Icon@2x.png */ = {isa = PBXFileReference; lastKnownFileType = image.png; path = "Icon@2x.png"; sourceTree = "<group>"; };
		BE03B200166CE37B00124A29 /* iTunesArtwork */ = {isa = PBXFileReference; lastKnownFileType = file; path = iTunesArtwork; sourceTree = "<group>"; };
		BE03B202166CE37B00124A29 /* Background.png */ = {isa = PBXFileReference; lastKnownFileType = image.png; path = Background.png; sourceTree = "<group>"; };
		BE03B203166CE37B00124A29 /* Background@2x.png */ = {isa = PBXFileReference; lastKnownFileType = image.png; path = "Background@2x.png"; sourceTree = "<group>"; };
		BE03B204166CE37B00124A29 /* BlueButton.png */ = {isa = PBXFileReference; lastKnownFileType = image.png; path = BlueButton.png; sourceTree = "<group>"; };
		BE03B205166CE37B00124A29 /* BlueButton@2x.png */ = {isa = PBXFileReference; lastKnownFileType = image.png; path = "BlueButton@2x.png"; sourceTree = "<group>"; };
		BE03B206166CE37B00124A29 /* BlueButtonPressed.png */ = {isa = PBXFileReference; lastKnownFileType = image.png; path = BlueButtonPressed.png; sourceTree = "<group>"; };
		BE03B207166CE37B00124A29 /* BlueButtonPressed@2x.png */ = {isa = PBXFileReference; lastKnownFileType = image.png; path = "BlueButtonPressed@2x.png"; sourceTree = "<group>"; };
		BE03B208166CE37B00124A29 /* Locations.png */ = {isa = PBXFileReference; lastKnownFileType = image.png; path = Locations.png; sourceTree = "<group>"; };
		BE03B209166CE37B00124A29 /* Locations@2x.png */ = {isa = PBXFileReference; lastKnownFileType = image.png; path = "Locations@2x.png"; sourceTree = "<group>"; };
		BE03B20A166CE37B00124A29 /* Logo.png */ = {isa = PBXFileReference; lastKnownFileType = image.png; path = Logo.png; sourceTree = "<group>"; };
		BE03B20B166CE37B00124A29 /* Logo@2x.png */ = {isa = PBXFileReference; lastKnownFileType = image.png; path = "Logo@2x.png"; sourceTree = "<group>"; };
		BE03B20C166CE37B00124A29 /* Map.png */ = {isa = PBXFileReference; lastKnownFileType = image.png; path = Map.png; sourceTree = "<group>"; };
		BE03B20D166CE37B00124A29 /* Map@2x.png */ = {isa = PBXFileReference; lastKnownFileType = image.png; path = "Map@2x.png"; sourceTree = "<group>"; };
		BE03B20E166CE37B00124A29 /* Panel.png */ = {isa = PBXFileReference; lastKnownFileType = image.png; path = Panel.png; sourceTree = "<group>"; };
		BE03B20F166CE37B00124A29 /* Panel@2x.png */ = {isa = PBXFileReference; lastKnownFileType = image.png; path = "Panel@2x.png"; sourceTree = "<group>"; };
		BE03B210166CE37B00124A29 /* Pin.png */ = {isa = PBXFileReference; lastKnownFileType = image.png; path = Pin.png; sourceTree = "<group>"; };
		BE03B211166CE37B00124A29 /* Pin@2x.png */ = {isa = PBXFileReference; lastKnownFileType = image.png; path = "Pin@2x.png"; sourceTree = "<group>"; };
		BE03B212166CE37B00124A29 /* Tag.png */ = {isa = PBXFileReference; lastKnownFileType = image.png; path = Tag.png; sourceTree = "<group>"; };
		BE03B213166CE37B00124A29 /* Tag@2x.png */ = {isa = PBXFileReference; lastKnownFileType = image.png; path = "Tag@2x.png"; sourceTree = "<group>"; };
		BE03B214166CE37B00124A29 /* User.png */ = {isa = PBXFileReference; lastKnownFileType = image.png; path = User.png; sourceTree = "<group>"; };
		BE03B215166CE37B00124A29 /* User@2x.png */ = {isa = PBXFileReference; lastKnownFileType = image.png; path = "User@2x.png"; sourceTree = "<group>"; };
		BE03B216166CE37B00124A29 /* YellowButton.png */ = {isa = PBXFileReference; lastKnownFileType = image.png; path = YellowButton.png; sourceTree = "<group>"; };
		BE03B217166CE37B00124A29 /* YellowButton@2x.png */ = {isa = PBXFileReference; lastKnownFileType = image.png; path = "YellowButton@2x.png"; sourceTree = "<group>"; };
		BE03B218166CE37B00124A29 /* YellowButtonPressed.png */ = {isa = PBXFileReference; lastKnownFileType = image.png; path = YellowButtonPressed.png; sourceTree = "<group>"; };
		BE03B219166CE37B00124A29 /* YellowButtonPressed@2x.png */ = {isa = PBXFileReference; lastKnownFileType = image.png; path = "YellowButtonPressed@2x.png"; sourceTree = "<group>"; };
		BE03B21B166CE37B00124A29 /* Default.png */ = {isa = PBXFileReference; lastKnownFileType = image.png; path = Default.png; sourceTree = "<group>"; };
		BE03B21C166CE37B00124A29 /* Default@2x.png */ = {isa = PBXFileReference; lastKnownFileType = image.png; path = "Default@2x.png"; sourceTree = "<group>"; };
		BE03B21E166CE37B00124A29 /* Buttons.psd */ = {isa = PBXFileReference; lastKnownFileType = file; path = Buttons.psd; sourceTree = "<group>"; };
		BE03B21F166CE37B00124A29 /* Crosshair.psd */ = {isa = PBXFileReference; lastKnownFileType = file; path = Crosshair.psd; sourceTree = "<group>"; };
		BE03B220166CE37B00124A29 /* Globe.psd */ = {isa = PBXFileReference; lastKnownFileType = file; path = Globe.psd; sourceTree = "<group>"; };
		BE03B221166CE37B00124A29 /* Icon.psd */ = {isa = PBXFileReference; lastKnownFileType = file; path = Icon.psd; sourceTree = "<group>"; };
		BE03B222166CE37B00124A29 /* List.psd */ = {isa = PBXFileReference; lastKnownFileType = file; path = List.psd; sourceTree = "<group>"; };
		BE03B223166CE37B00124A29 /* Pin.psd */ = {isa = PBXFileReference; lastKnownFileType = file; path = Pin.psd; sourceTree = "<group>"; };
		BE03B225166CE37B00124A29 /* Sound.caf */ = {isa = PBXFileReference; lastKnownFileType = file; path = Sound.caf; sourceTree = "<group>"; };
		BE12ED8E166DD7460054852A /* CoreData.framework */ = {isa = PBXFileReference; lastKnownFileType = wrapper.framework; name = CoreData.framework; path = System/Library/Frameworks/CoreData.framework; sourceTree = SDKROOT; };
		BE12ED99166DD7DE0054852A /* DataModel.xcdatamodel */ = {isa = PBXFileReference; lastKnownFileType = wrapper.xcdatamodel; path = DataModel.xcdatamodel; sourceTree = "<group>"; };
		BE12ED9B166DDA350054852A /* Location.h */ = {isa = PBXFileReference; fileEncoding = 4; lastKnownFileType = sourcecode.c.h; name = Location.h; path = ../Location.h; sourceTree = "<group>"; };
		BE12ED9C166DDA350054852A /* Location.m */ = {isa = PBXFileReference; fileEncoding = 4; lastKnownFileType = sourcecode.c.objc; name = Location.m; path = ../Location.m; sourceTree = "<group>"; };
		BE12ED9E166E23D90054852A /* LocationsViewController.h */ = {isa = PBXFileReference; fileEncoding = 4; lastKnownFileType = sourcecode.c.h; path = LocationsViewController.h; sourceTree = "<group>"; };
		BE12ED9F166E23D90054852A /* LocationsViewController.m */ = {isa = PBXFileReference; fileEncoding = 4; lastKnownFileType = sourcecode.c.objc; path = LocationsViewController.m; sourceTree = "<group>"; };
		BE12EDB1166E29B90054852A /* LocationCell.h */ = {isa = PBXFileReference; fileEncoding = 4; lastKnownFileType = sourcecode.c.h; path = LocationCell.h; sourceTree = "<group>"; };
		BE12EDB2166E29BA0054852A /* LocationCell.m */ = {isa = PBXFileReference; fileEncoding = 4; lastKnownFileType = sourcecode.c.objc; path = LocationCell.m; sourceTree = "<group>"; };
		BE2017BE166F2112002FF32A /* MapKit.framework */ = {isa = PBXFileReference; lastKnownFileType = wrapper.framework; name = MapKit.framework; path = System/Library/Frameworks/MapKit.framework; sourceTree = SDKROOT; };
		BE2017C1166F21D5002FF32A /* MapViewController.h */ = {isa = PBXFileReference; fileEncoding = 4; lastKnownFileType = sourcecode.c.h; path = MapViewController.h; sourceTree = "<group>"; };
		BE2017C2166F21D5002FF32A /* MapViewController.m */ = {isa = PBXFileReference; fileEncoding = 4; lastKnownFileType = sourcecode.c.objc; path = MapViewController.m; sourceTree = "<group>"; };
		BE2017E0166F8099002FF32A /* UIImage+Resize.h */ = {isa = PBXFileReference; fileEncoding = 4; lastKnownFileType = sourcecode.c.h; path = "UIImage+Resize.h"; sourceTree = "<group>"; };
		BE2017E1166F8099002FF32A /* UIImage+Resize.m */ = {isa = PBXFileReference; fileEncoding = 4; lastKnownFileType = sourcecode.c.objc; path = "UIImage+Resize.m"; sourceTree = "<group>"; };
/* End PBXFileReference section */

/* Begin PBXFrameworksBuildPhase section */
		BE03B1AB166C74C300124A29 /* Frameworks */ = {
			isa = PBXFrameworksBuildPhase;
			buildActionMask = 2147483647;
			files = (
				BE2017BF166F2112002FF32A /* MapKit.framework in Frameworks */,
				BE12ED8F166DD7460054852A /* CoreData.framework in Frameworks */,
				BE03B1E1166C838F00124A29 /* CoreLocation.framework in Frameworks */,
				BE03B1B3166C74C300124A29 /* UIKit.framework in Frameworks */,
				BE03B1B5166C74C300124A29 /* Foundation.framework in Frameworks */,
				BE03B1B7166C74C300124A29 /* CoreGraphics.framework in Frameworks */,
			);
			runOnlyForDeploymentPostprocessing = 0;
		};
/* End PBXFrameworksBuildPhase section */

/* Begin PBXGroup section */
		BE03B1A3166C74C300124A29 = {
			isa = PBXGroup;
			children = (
				BE03B1F3166CE37A00124A29 /* Resources */,
				BE03B1B8166C74C300124A29 /* Locations */,
				BE03B1B1166C74C300124A29 /* Frameworks */,
				BE03B1AF166C74C300124A29 /* Products */,
			);
			sourceTree = "<group>";
		};
		BE03B1AF166C74C300124A29 /* Products */ = {
			isa = PBXGroup;
			children = (
				BE03B1AE166C74C300124A29 /* Locations.app */,
			);
			name = Products;
			sourceTree = "<group>";
		};
		BE03B1B1166C74C300124A29 /* Frameworks */ = {
			isa = PBXGroup;
			children = (
				BE2017BE166F2112002FF32A /* MapKit.framework */,
				BE12ED8E166DD7460054852A /* CoreData.framework */,
				BE03B1E0166C838F00124A29 /* CoreLocation.framework */,
				BE03B1B2166C74C300124A29 /* UIKit.framework */,
				BE03B1B4166C74C300124A29 /* Foundation.framework */,
				BE03B1B6166C74C300124A29 /* CoreGraphics.framework */,
			);
			name = Frameworks;
			sourceTree = "<group>";
		};
		BE03B1B8166C74C300124A29 /* Locations */ = {
			isa = PBXGroup;
			children = (
				BE12ED98166DD7DE0054852A /* DataModel.xcdatamodeld */,
				BE2017E0166F8099002FF32A /* UIImage+Resize.h */,
				BE2017E1166F8099002FF32A /* UIImage+Resize.m */,
				BE12ED9B166DDA350054852A /* Location.h */,
				BE12ED9C166DDA350054852A /* Location.m */,
				BE03B1C1166C74C400124A29 /* AppDelegate.h */,
				BE03B1C2166C74C400124A29 /* AppDelegate.m */,
				BE03B1CA166C74C400124A29 /* MainStoryboard.storyboard */,
				BE12EDB1166E29B90054852A /* LocationCell.h */,
				BE12EDB2166E29BA0054852A /* LocationCell.m */,
				BE12ED9E166E23D90054852A /* LocationsViewController.h */,
				BE12ED9F166E23D90054852A /* LocationsViewController.m */,
				BE03B1CD166C74C400124A29 /* CurrentLocationViewController.h */,
				BE03B1CE166C74C400124A29 /* CurrentLocationViewController.m */,
				BE03B1E6166CBF0700124A29 /* LocationDetailsViewController.h */,
				BE03B1E7166CBF0700124A29 /* LocationDetailsViewController.m */,
				BE03B1F0166CE1BA00124A29 /* HudView.h */,
				BE03B1F1166CE1BA00124A29 /* HudView.m */,
				BE03B1D0166C74C400124A29 /* first.png */,
				BE03B1D2166C74C400124A29 /* first@2x.png */,
				BE03B1D4166C74C400124A29 /* SecondViewController.h */,
				BE03B1D5166C74C400124A29 /* SecondViewController.m */,
				BE03B1D7166C74C400124A29 /* second.png */,
				BE03B1D9166C74C400124A29 /* second@2x.png */,
				BE03B1ED166CD71900124A29 /* CategoryPickerViewController.h */,
				BE03B1EE166CD71900124A29 /* CategoryPickerViewController.m */,
				BE2017C1166F21D5002FF32A /* MapViewController.h */,
				BE2017C2166F21D5002FF32A /* MapViewController.m */,
				BE03B1B9166C74C300124A29 /* Supporting Files */,
			);
			path = Locations;
			sourceTree = "<group>";
		};
		BE03B1B9166C74C300124A29 /* Supporting Files */ = {
			isa = PBXGroup;
			children = (
				BE03B1BA166C74C300124A29 /* Locations-Info.plist */,
				BE03B1BB166C74C300124A29 /* InfoPlist.strings */,
				BE03B1BE166C74C300124A29 /* main.m */,
				BE03B1C0166C74C400124A29 /* Locations-Prefix.pch */,
				BE03B1C4166C74C400124A29 /* Default.png */,
				BE03B1C6166C74C400124A29 /* Default@2x.png */,
				BE03B1C8166C74C400124A29 /* Default-568h@2x.png */,
			);
			name = "Supporting Files";
			sourceTree = "<group>";
		};
		BE03B1F3166CE37A00124A29 /* Resources */ = {
			isa = PBXGroup;
			children = (
				BE03B1F4166CE37B00124A29 /* Hud Images */,
				BE03B1F7166CE37B00124A29 /* Icon */,
				BE03B201166CE37B00124A29 /* Images */,
				BE03B21A166CE37B00124A29 /* Launch Images */,
				BE03B21D166CE37B00124A29 /* Photoshop */,
				BE03B224166CE37B00124A29 /* Sound */,
			);
			path = Resources;
			sourceTree = "<group>";
		};
		BE03B1F4166CE37B00124A29 /* Hud Images */ = {
			isa = PBXGroup;
			children = (
				BE03B1F5166CE37B00124A29 /* Checkmark.png */,
				BE03B1F6166CE37B00124A29 /* Checkmark@2x.png */,
			);
			path = "Hud Images";
			sourceTree = "<group>";
		};
		BE03B1F7166CE37B00124A29 /* Icon */ = {
			isa = PBXGroup;
			children = (
				BE03B1F8166CE37B00124A29 /* Icon-72.png */,
				BE03B1F9166CE37B00124A29 /* Icon-72@2x.png */,
				BE03B1FA166CE37B00124A29 /* Icon-Small-50.png */,
				BE03B1FB166CE37B00124A29 /* Icon-Small-50@2x.png */,
				BE03B1FC166CE37B00124A29 /* Icon-Small.png */,
				BE03B1FD166CE37B00124A29 /* Icon-Small@2x.png */,
				BE03B1FE166CE37B00124A29 /* Icon.png */,
				BE03B1FF166CE37B00124A29 /* Icon@2x.png */,
				BE03B200166CE37B00124A29 /* iTunesArtwork */,
			);
			path = Icon;
			sourceTree = "<group>";
		};
		BE03B201166CE37B00124A29 /* Images */ = {
			isa = PBXGroup;
			children = (
				BE03B202166CE37B00124A29 /* Background.png */,
				BE03B203166CE37B00124A29 /* Background@2x.png */,
				BE03B204166CE37B00124A29 /* BlueButton.png */,
				BE03B205166CE37B00124A29 /* BlueButton@2x.png */,
				BE03B206166CE37B00124A29 /* BlueButtonPressed.png */,
				BE03B207166CE37B00124A29 /* BlueButtonPressed@2x.png */,
				BE03B208166CE37B00124A29 /* Locations.png */,
				BE03B209166CE37B00124A29 /* Locations@2x.png */,
				BE03B20A166CE37B00124A29 /* Logo.png */,
				BE03B20B166CE37B00124A29 /* Logo@2x.png */,
				BE03B20C166CE37B00124A29 /* Map.png */,
				BE03B20D166CE37B00124A29 /* Map@2x.png */,
				BE03B20E166CE37B00124A29 /* Panel.png */,
				BE03B20F166CE37B00124A29 /* Panel@2x.png */,
				BE03B210166CE37B00124A29 /* Pin.png */,
				BE03B211166CE37B00124A29 /* Pin@2x.png */,
				BE03B212166CE37B00124A29 /* Tag.png */,
				BE03B213166CE37B00124A29 /* Tag@2x.png */,
				BE03B214166CE37B00124A29 /* User.png */,
				BE03B215166CE37B00124A29 /* User@2x.png */,
				BE03B216166CE37B00124A29 /* YellowButton.png */,
				BE03B217166CE37B00124A29 /* YellowButton@2x.png */,
				BE03B218166CE37B00124A29 /* YellowButtonPressed.png */,
				BE03B219166CE37B00124A29 /* YellowButtonPressed@2x.png */,
			);
			path = Images;
			sourceTree = "<group>";
		};
		BE03B21A166CE37B00124A29 /* Launch Images */ = {
			isa = PBXGroup;
			children = (
				BE03B21B166CE37B00124A29 /* Default.png */,
				BE03B21C166CE37B00124A29 /* Default@2x.png */,
			);
			path = "Launch Images";
			sourceTree = "<group>";
		};
		BE03B21D166CE37B00124A29 /* Photoshop */ = {
			isa = PBXGroup;
			children = (
				BE03B21E166CE37B00124A29 /* Buttons.psd */,
				BE03B21F166CE37B00124A29 /* Crosshair.psd */,
				BE03B220166CE37B00124A29 /* Globe.psd */,
				BE03B221166CE37B00124A29 /* Icon.psd */,
				BE03B222166CE37B00124A29 /* List.psd */,
				BE03B223166CE37B00124A29 /* Pin.psd */,
			);
			path = Photoshop;
			sourceTree = "<group>";
		};
		BE03B224166CE37B00124A29 /* Sound */ = {
			isa = PBXGroup;
			children = (
				BE03B225166CE37B00124A29 /* Sound.caf */,
			);
			path = Sound;
			sourceTree = "<group>";
		};
/* End PBXGroup section */

/* Begin PBXNativeTarget section */
		BE03B1AD166C74C300124A29 /* Locations */ = {
			isa = PBXNativeTarget;
			buildConfigurationList = BE03B1DD166C74C400124A29 /* Build configuration list for PBXNativeTarget "Locations" */;
			buildPhases = (
				BE03B1AA166C74C300124A29 /* Sources */,
				BE03B1AB166C74C300124A29 /* Frameworks */,
				BE03B1AC166C74C300124A29 /* Resources */,
			);
			buildRules = (
			);
			dependencies = (
			);
			name = Locations;
			productName = Locations;
			productReference = BE03B1AE166C74C300124A29 /* Locations.app */;
			productType = "com.apple.product-type.application";
		};
/* End PBXNativeTarget section */

/* Begin PBXProject section */
		BE03B1A5166C74C300124A29 /* Project object */ = {
			isa = PBXProject;
			attributes = {
				LastUpgradeCheck = 0450;
				ORGANIZATIONNAME = "Xingyin Zhu";
			};
			buildConfigurationList = BE03B1A8166C74C300124A29 /* Build configuration list for PBXProject "Locations" */;
			compatibilityVersion = "Xcode 3.2";
			developmentRegion = English;
			hasScannedForEncodings = 0;
			knownRegions = (
				en,
			);
			mainGroup = BE03B1A3166C74C300124A29;
			productRefGroup = BE03B1AF166C74C300124A29 /* Products */;
			projectDirPath = "";
			projectRoot = "";
			targets = (
				BE03B1AD166C74C300124A29 /* Locations */,
			);
		};
/* End PBXProject section */

/* Begin PBXResourcesBuildPhase section */
		BE03B1AC166C74C300124A29 /* Resources */ = {
			isa = PBXResourcesBuildPhase;
			buildActionMask = 2147483647;
			files = (
				BE03B1BD166C74C300124A29 /* InfoPlist.strings in Resources */,
				BE03B1C5166C74C400124A29 /* Default.png in Resources */,
				BE03B1C7166C74C400124A29 /* Default@2x.png in Resources */,
				BE03B1C9166C74C400124A29 /* Default-568h@2x.png in Resources */,
				BE03B1CC166C74C400124A29 /* MainStoryboard.storyboard in Resources */,
				BE03B1D1166C74C400124A29 /* first.png in Resources */,
				BE03B1D3166C74C400124A29 /* first@2x.png in Resources */,
				BE03B1D8166C74C400124A29 /* second.png in Resources */,
				BE03B1DA166C74C400124A29 /* second@2x.png in Resources */,
				BE03B226166CE37B00124A29 /* Checkmark.png in Resources */,
				BE03B227166CE37B00124A29 /* Checkmark@2x.png in Resources */,
				BE03B228166CE37B00124A29 /* Icon-72.png in Resources */,
				BE03B229166CE37B00124A29 /* Icon-72@2x.png in Resources */,
				BE03B22A166CE37B00124A29 /* Icon-Small-50.png in Resources */,
				BE03B22B166CE37B00124A29 /* Icon-Small-50@2x.png in Resources */,
				BE03B22C166CE37B00124A29 /* Icon-Small.png in Resources */,
				BE03B22D166CE37B00124A29 /* Icon-Small@2x.png in Resources */,
				BE03B22E166CE37B00124A29 /* Icon.png in Resources */,
				BE03B22F166CE37B00124A29 /* Icon@2x.png in Resources */,
				BE03B230166CE37B00124A29 /* iTunesArtwork in Resources */,
				BE03B231166CE37B00124A29 /* Background.png in Resources */,
				BE03B232166CE37B00124A29 /* Background@2x.png in Resources */,
				BE03B233166CE37B00124A29 /* BlueButton.png in Resources */,
				BE03B234166CE37B00124A29 /* BlueButton@2x.png in Resources */,
				BE03B235166CE37B00124A29 /* BlueButtonPressed.png in Resources */,
				BE03B236166CE37B00124A29 /* BlueButtonPressed@2x.png in Resources */,
				BE03B237166CE37B00124A29 /* Locations.png in Resources */,
				BE03B238166CE37B00124A29 /* Locations@2x.png in Resources */,
				BE03B239166CE37B00124A29 /* Logo.png in Resources */,
				BE03B23A166CE37B00124A29 /* Logo@2x.png in Resources */,
				BE03B23B166CE37B00124A29 /* Map.png in Resources */,
				BE03B23C166CE37B00124A29 /* Map@2x.png in Resources */,
				BE03B23D166CE37B00124A29 /* Panel.png in Resources */,
				BE03B23E166CE37B00124A29 /* Panel@2x.png in Resources */,
				BE03B23F166CE37B00124A29 /* Pin.png in Resources */,
				BE03B240166CE37B00124A29 /* Pin@2x.png in Resources */,
				BE03B241166CE37B00124A29 /* Tag.png in Resources */,
				BE03B242166CE37B00124A29 /* Tag@2x.png in Resources */,
				BE03B243166CE37B00124A29 /* User.png in Resources */,
				BE03B244166CE37B00124A29 /* User@2x.png in Resources */,
				BE03B245166CE37B00124A29 /* YellowButton.png in Resources */,
				BE03B246166CE37B00124A29 /* YellowButton@2x.png in Resources */,
				BE03B247166CE37B00124A29 /* YellowButtonPressed.png in Resources */,
				BE03B248166CE37B00124A29 /* YellowButtonPressed@2x.png in Resources */,
				BE03B249166CE37B00124A29 /* Default.png in Resources */,
				BE03B24A166CE37B00124A29 /* Default@2x.png in Resources */,
				BE03B24B166CE37B00124A29 /* Buttons.psd in Resources */,
				BE03B24C166CE37B00124A29 /* Crosshair.psd in Resources */,
				BE03B24D166CE37B00124A29 /* Globe.psd in Resources */,
				BE03B24E166CE37B00124A29 /* Icon.psd in Resources */,
				BE03B24F166CE37B00124A29 /* List.psd in Resources */,
				BE03B250166CE37B00124A29 /* Pin.psd in Resources */,
				BE03B251166CE37B00124A29 /* Sound.caf in Resources */,
			);
			runOnlyForDeploymentPostprocessing = 0;
		};
/* End PBXResourcesBuildPhase section */

/* Begin PBXSourcesBuildPhase section */
		BE03B1AA166C74C300124A29 /* Sources */ = {
			isa = PBXSourcesBuildPhase;
			buildActionMask = 2147483647;
			files = (
				BE03B1BF166C74C300124A29 /* main.m in Sources */,
				BE03B1C3166C74C400124A29 /* AppDelegate.m in Sources */,
				BE03B1CF166C74C400124A29 /* CurrentLocationViewController.m in Sources */,
				BE03B1D6166C74C400124A29 /* SecondViewController.m in Sources */,
				BE03B1E8166CBF0700124A29 /* LocationDetailsViewController.m in Sources */,
				BE03B1EF166CD71900124A29 /* CategoryPickerViewController.m in Sources */,
				BE03B1F2166CE1BA00124A29 /* HudView.m in Sources */,
				BE12ED9A166DD7DE0054852A /* DataModel.xcdatamodeld in Sources */,
				BE12ED9D166DDA350054852A /* Location.m in Sources */,
				BE12EDA0166E23D90054852A /* LocationsViewController.m in Sources */,
				BE12EDB3166E29BA0054852A /* LocationCell.m in Sources */,
				BE2017C3166F21D5002FF32A /* MapViewController.m in Sources */,
				BE2017E2166F8099002FF32A /* UIImage+Resize.m in Sources */,
			);
			runOnlyForDeploymentPostprocessing = 0;
		};
/* End PBXSourcesBuildPhase section */

/* Begin PBXVariantGroup section */
		BE03B1BB166C74C300124A29 /* InfoPlist.strings */ = {
			isa = PBXVariantGroup;
			children = (
				BE03B1BC166C74C300124A29 /* en */,
			);
			name = InfoPlist.strings;
			sourceTree = "<group>";
		};
		BE03B1CA166C74C400124A29 /* MainStoryboard.storyboard */ = {
			isa = PBXVariantGroup;
			children = (
				BE03B1CB166C74C400124A29 /* en */,
			);
			name = MainStoryboard.storyboard;
			sourceTree = "<group>";
		};
/* End PBXVariantGroup section */

/* Begin XCBuildConfiguration section */
		BE03B1DB166C74C400124A29 /* Debug */ = {
			isa = XCBuildConfiguration;
			buildSettings = {
				ALWAYS_SEARCH_USER_PATHS = NO;
				CLANG_CXX_LANGUAGE_STANDARD = "gnu++0x";
				CLANG_CXX_LIBRARY = "libc++";
				CLANG_ENABLE_OBJC_ARC = YES;
				CLANG_WARN_EMPTY_BODY = YES;
				CLANG_WARN__DUPLICATE_METHOD_MATCH = YES;
				"CODE_SIGN_IDENTITY[sdk=iphoneos*]" = "iPhone Developer";
				COPY_PHASE_STRIP = NO;
				GCC_C_LANGUAGE_STANDARD = gnu99;
				GCC_DYNAMIC_NO_PIC = NO;
				GCC_OPTIMIZATION_LEVEL = 0;
				GCC_PREPROCESSOR_DEFINITIONS = (
					"DEBUG=1",
					"$(inherited)",
				);
				GCC_SYMBOLS_PRIVATE_EXTERN = NO;
				GCC_WARN_ABOUT_RETURN_TYPE = YES;
				GCC_WARN_UNINITIALIZED_AUTOS = YES;
				GCC_WARN_UNUSED_VARIABLE = YES;
				IPHONEOS_DEPLOYMENT_TARGET = 6.0;
				ONLY_ACTIVE_ARCH = YES;
				SDKROOT = iphoneos;
			};
			name = Debug;
		};
		BE03B1DC166C74C400124A29 /* Release */ = {
			isa = XCBuildConfiguration;
			buildSettings = {
				ALWAYS_SEARCH_USER_PATHS = NO;
				CLANG_CXX_LANGUAGE_STANDARD = "gnu++0x";
				CLANG_CXX_LIBRARY = "libc++";
				CLANG_ENABLE_OBJC_ARC = YES;
				CLANG_WARN_EMPTY_BODY = YES;
				CLANG_WARN__DUPLICATE_METHOD_MATCH = YES;
				"CODE_SIGN_IDENTITY[sdk=iphoneos*]" = "iPhone Developer";
				COPY_PHASE_STRIP = YES;
				GCC_C_LANGUAGE_STANDARD = gnu99;
				GCC_WARN_ABOUT_RETURN_TYPE = YES;
				GCC_WARN_UNINITIALIZED_AUTOS = YES;
				GCC_WARN_UNUSED_VARIABLE = YES;
				IPHONEOS_DEPLOYMENT_TARGET = 6.0;
				OTHER_CFLAGS = "-DNS_BLOCK_ASSERTIONS=1";
				SDKROOT = iphoneos;
				VALIDATE_PRODUCT = YES;
			};
			name = Release;
		};
		BE03B1DE166C74C400124A29 /* Debug */ = {
			isa = XCBuildConfiguration;
			buildSettings = {
				GCC_PRECOMPILE_PREFIX_HEADER = YES;
				GCC_PREFIX_HEADER = "Locations/Locations-Prefix.pch";
				INFOPLIST_FILE = "Locations/Locations-Info.plist";
				PRODUCT_NAME = "$(TARGET_NAME)";
				WRAPPER_EXTENSION = app;
			};
			name = Debug;
		};
		BE03B1DF166C74C400124A29 /* Release */ = {
			isa = XCBuildConfiguration;
			buildSettings = {
				GCC_PRECOMPILE_PREFIX_HEADER = YES;
				GCC_PREFIX_HEADER = "Locations/Locations-Prefix.pch";
				INFOPLIST_FILE = "Locations/Locations-Info.plist";
				PRODUCT_NAME = "$(TARGET_NAME)";
				WRAPPER_EXTENSION = app;
			};
			name = Release;
		};
/* End XCBuildConfiguration section */

/* Begin XCConfigurationList section */
		BE03B1A8166C74C300124A29 /* Build configuration list for PBXProject "Locations" */ = {
			isa = XCConfigurationList;
			buildConfigurations = (
				BE03B1DB166C74C400124A29 /* Debug */,
				BE03B1DC166C74C400124A29 /* Release */,
			);
			defaultConfigurationIsVisible = 0;
			defaultConfigurationName = Release;
		};
		BE03B1DD166C74C400124A29 /* Build configuration list for PBXNativeTarget "Locations" */ = {
			isa = XCConfigurationList;
			buildConfigurations = (
				BE03B1DE166C74C400124A29 /* Debug */,
				BE03B1DF166C74C400124A29 /* Release */,
			);
			defaultConfigurationIsVisible = 0;
			defaultConfigurationName = Release;
		};
/* End XCConfigurationList section */

/* Begin XCVersionGroup section */
		BE12ED98166DD7DE0054852A /* DataModel.xcdatamodeld */ = {
			isa = XCVersionGroup;
			children = (
				BE12ED99166DD7DE0054852A /* DataModel.xcdatamodel */,
			);
			currentVersion = BE12ED99166DD7DE0054852A /* DataModel.xcdatamodel */;
			name = DataModel.xcdatamodeld;
			path = ../DataModel.xcdatamodeld;
			sourceTree = "<group>";
			versionGroupType = wrapper.xcdatamodel;
		};
/* End XCVersionGroup section */
	};
	rootObject = BE03B1A5166C74C300124A29 /* Project object */;
}
